
Microsoft Visual Studio Solution File, Format Version 12.00
# Visual Studio Version 17
VisualStudioVersion = 17.0.31912.275
MinimumVisualStudioVersion = 10.0.40219.1
Project("{FAE04EC0-301F-11D3-BF4B-00C04F79EFBC}") = "CsharpSmp", "CsharpSmp\CsharpSmp.csproj", "{8F8D0F94-05C0-407E-873A-493DE63D804D}"
EndProject
Project("{FAE04EC0-301F-11D3-BF4B-00C04F79EFBC}") = "sample1", "sample1\sample1.csproj", "{AAE3C312-7475-4D41-8492-88C586686EF8}"
EndProject
Project("{FAE04EC0-301F-11D3-BF4B-00C04F79EFBC}") = "ConsoleApp1", "ConsoleApp1\ConsoleApp1.csproj", "{69C88897-790E-479F-8C6C-D16F2AD66A60}"
EndProject
Project("{FAE04EC0-301F-11D3-BF4B-00C04F79EFBC}") = "sample2", "sample2\sample2.csproj", "{ACF43A51-5506-4E10-91B8-B9B122EC22AA}"
EndProject
Project("{FAE04EC0-301F-11D3-BF4B-00C04F79EFBC}") = "sample3", "sample3\sample3.csproj", "{CAD3C76A-7C15-42AF-AFBE-2C77D08435B9}"
EndProject
Project("{FAE04EC0-301F-11D3-BF4B-00C04F79EFBC}") = "sample4", "sample4\sample4.csproj", "{FDB3D55D-F842-4FEA-A95D-B3F2BF604DB1}"
EndProject
Project("{FAE04EC0-301F-11D3-BF4B-00C04F79EFBC}") = "smpale5", "smpale5\smpale5.csproj", "{50A6DB76-8D42-4322-AE19-628157AFB208}"
EndProject
Project("{FAE04EC0-301F-11D3-BF4B-00C04F79EFBC}") = "sample6", "sample6\sample6.csproj", "{88D51C5E-C812-4378-A572-A9527C5AD25F}"
EndProject
Project("{FAE04EC0-301F-11D3-BF4B-00C04F79EFBC}") = "sample7", "sample7\sample7.csproj", "{A90EB696-F825-4CE2-BD55-98F074720024}"
EndProject
Project("{FAE04EC0-301F-11D3-BF4B-00C04F79EFBC}") = "sample8", "sample8\sample8.csproj", "{CAA4FBB0-4986-4903-82B1-9ED26AA4DF9F}"
EndProject
Project("{FAE04EC0-301F-11D3-BF4B-00C04F79EFBC}") = "sample9", "sample9\sample9.csproj", "{99E64D4C-4F53-4DAD-8780-271CE04DC400}"
EndProject
Project("{FAE04EC0-301F-11D3-BF4B-00C04F79EFBC}") = "sample10", "sample10\sample10.csproj", "{9DF6CA96-B522-4746-A087-491E1F37EE6F}"
EndProject
Project("{FAE04EC0-301F-11D3-BF4B-00C04F79EFBC}") = "sample11", "sample11\sample11.csproj", "{AAE8CD1E-9076-4C99-9AB4-4C9A668C6A59}"
EndProject
Project("{FAE04EC0-301F-11D3-BF4B-00C04F79EFBC}") = "sample12", "sample12\sample12.csproj", "{AB5BEEEE-FF88-4D62-A8EF-C91F7824FC27}"
EndProject
Project("{FAE04EC0-301F-11D3-BF4B-00C04F79EFBC}") = "sample13", "sample13\sample13.csproj", "{7CCB7499-5C66-4158-AB1A-F058C911DADD}"
EndProject
Project("{FAE04EC0-301F-11D3-BF4B-00C04F79EFBC}") = "sample14", "sample14\sample14.csproj", "{B6D6FEA6-BD6E-4851-AB3E-543B8598662C}"
EndProject
Project("{FAE04EC0-301F-11D3-BF4B-00C04F79EFBC}") = "sample15", "sample15\sample15.csproj", "{0BF6AC78-864B-49EE-BBFD-813AD2C940DC}"
EndProject
Project("{FAE04EC0-301F-11D3-BF4B-00C04F79EFBC}") = "sample16", "sample16\sample16.csproj", "{BB12AA50-3EF6-48EA-98AF-6A46CB2D5A69}"
EndProject
Project("{FAE04EC0-301F-11D3-BF4B-00C04F79EFBC}") = "sample17", "sample17\sample17.csproj", "{7BFC38CA-F70B-4E47-97A6-AF51C9C49F86}"
EndProject
Project("{FAE04EC0-301F-11D3-BF4B-00C04F79EFBC}") = "sample18", "sample18\sample18.csproj", "{4F406B23-A660-4AA7-B1D5-63DED0BCAC42}"
EndProject
Project("{FAE04EC0-301F-11D3-BF4B-00C04F79EFBC}") = "sample19", "sample19\sample19.csproj", "{3FC730A3-9178-44FA-8CF2-FE05DCCED5D1}"
EndProject
Project("{FAE04EC0-301F-11D3-BF4B-00C04F79EFBC}") = "sample4-8", "sample4_8\sample4-8.csproj", "{EFC5F470-AE46-4CA8-9CD3-2214BE5C97E2}"
EndProject
Project("{FAE04EC0-301F-11D3-BF4B-00C04F79EFBC}") = "sample4-9", "sample4-9\sample4-9.csproj", "{275A8CFB-ABB9-4C07-81CD-73F6C753BE64}"
EndProject
Project("{FAE04EC0-301F-11D3-BF4B-00C04F79EFBC}") = "sample4-11", "sample4-11\sample4-11.csproj", "{ABD8CDCB-63F2-4AF7-A468-4FC654500E81}"
EndProject
Project("{FAE04EC0-301F-11D3-BF4B-00C04F79EFBC}") = "sample4-12", "sample4-12\sample4-12.csproj", "{53140E65-F767-4602-AF4D-3DC020C623D2}"
EndProject
Project("{FAE04EC0-301F-11D3-BF4B-00C04F79EFBC}") = "sample4-13", "sample4-13\sample4-13.csproj", "{47FFBD26-B645-4A02-9E86-CF018BD22847}"
EndProject
Project("{FAE04EC0-301F-11D3-BF4B-00C04F79EFBC}") = "sample4-16", "sample4-16\sample4-16.csproj", "{EF72DEC4-9B9B-40FE-BDEE-570E19732F35}"
EndProject
Project("{FAE04EC0-301F-11D3-BF4B-00C04F79EFBC}") = "sample6-1", "sample6-1\sample6-1.csproj", "{C2490490-2141-4DD8-B61E-C1349E075C5F}"
EndProject
Project("{FAE04EC0-301F-11D3-BF4B-00C04F79EFBC}") = "sample6-2", "sample6-2\sample6-2.csproj", "{19C0FEA5-4345-466D-A356-701CB5D6BF6C}"
EndProject
Project("{FAE04EC0-301F-11D3-BF4B-00C04F79EFBC}") = "sample6-3", "sample6-3\sample6-3.csproj", "{FC762037-2354-477F-9809-DBF0418AA2BA}"
EndProject
Project("{FAE04EC0-301F-11D3-BF4B-00C04F79EFBC}") = "sample6-4", "sample6-4\sample6-4.csproj", "{3CA48982-922C-41BD-BD99-92874C02125B}"
EndProject
Project("{FAE04EC0-301F-11D3-BF4B-00C04F79EFBC}") = "sample6-5", "sample6-5\sample6-5.csproj", "{E4F4E2AF-2BFD-4F58-A23D-688463FF119D}"
EndProject
Project("{FAE04EC0-301F-11D3-BF4B-00C04F79EFBC}") = "sample6-6", "sample6-6\sample6-6.csproj", "{5B308FD2-A48A-4490-AF7F-7AD898369986}"
EndProject
Project("{FAE04EC0-301F-11D3-BF4B-00C04F79EFBC}") = "sample6-7", "sample6-7\sample6-7.csproj", "{7DA890CE-2E67-4B28-9706-1DADDC207E44}"
EndProject
Project("{FAE04EC0-301F-11D3-BF4B-00C04F79EFBC}") = "sample6-8", "sample6-8\sample6-8.csproj", "{0AF4C674-EF9A-454F-9334-D81B423C15AB}"
EndProject
Project("{FAE04EC0-301F-11D3-BF4B-00C04F79EFBC}") = "sample6-9", "sample6-9\sample6-9.csproj", "{E87216DC-0346-48EE-8636-CD622FDDED59}"
EndProject
Project("{FAE04EC0-301F-11D3-BF4B-00C04F79EFBC}") = "sample6-10", "sample6-10\sample6-10.csproj", "{9D42D5C6-92EC-402E-8D93-763E1F0B9945}"
EndProject
Global
	GlobalSection(SolutionConfigurationPlatforms) = preSolution
		Debug|Any CPU = Debug|Any CPU
		Release|Any CPU = Release|Any CPU
	EndGlobalSection
	GlobalSection(ProjectConfigurationPlatforms) = postSolution
		{8F8D0F94-05C0-407E-873A-493DE63D804D}.Debug|Any CPU.ActiveCfg = Debug|Any CPU
		{8F8D0F94-05C0-407E-873A-493DE63D804D}.Debug|Any CPU.Build.0 = Debug|Any CPU
		{8F8D0F94-05C0-407E-873A-493DE63D804D}.Release|Any CPU.ActiveCfg = Release|Any CPU
		{8F8D0F94-05C0-407E-873A-493DE63D804D}.Release|Any CPU.Build.0 = Release|Any CPU
		{AAE3C312-7475-4D41-8492-88C586686EF8}.Debug|Any CPU.ActiveCfg = Debug|Any CPU
		{AAE3C312-7475-4D41-8492-88C586686EF8}.Debug|Any CPU.Build.0 = Debug|Any CPU
		{AAE3C312-7475-4D41-8492-88C586686EF8}.Release|Any CPU.ActiveCfg = Release|Any CPU
		{AAE3C312-7475-4D41-8492-88C586686EF8}.Release|Any CPU.Build.0 = Release|Any CPU
		{69C88897-790E-479F-8C6C-D16F2AD66A60}.Debug|Any CPU.ActiveCfg = Debug|Any CPU
		{69C88897-790E-479F-8C6C-D16F2AD66A60}.Debug|Any CPU.Build.0 = Debug|Any CPU
		{69C88897-790E-479F-8C6C-D16F2AD66A60}.Release|Any CPU.ActiveCfg = Release|Any CPU
		{69C88897-790E-479F-8C6C-D16F2AD66A60}.Release|Any CPU.Build.0 = Release|Any CPU
		{ACF43A51-5506-4E10-91B8-B9B122EC22AA}.Debug|Any CPU.ActiveCfg = Debug|Any CPU
		{ACF43A51-5506-4E10-91B8-B9B122EC22AA}.Debug|Any CPU.Build.0 = Debug|Any CPU
		{ACF43A51-5506-4E10-91B8-B9B122EC22AA}.Release|Any CPU.ActiveCfg = Release|Any CPU
		{ACF43A51-5506-4E10-91B8-B9B122EC22AA}.Release|Any CPU.Build.0 = Release|Any CPU
		{CAD3C76A-7C15-42AF-AFBE-2C77D08435B9}.Debug|Any CPU.ActiveCfg = Debug|Any CPU
		{CAD3C76A-7C15-42AF-AFBE-2C77D08435B9}.Debug|Any CPU.Build.0 = Debug|Any CPU
		{CAD3C76A-7C15-42AF-AFBE-2C77D08435B9}.Release|Any CPU.ActiveCfg = Release|Any CPU
		{CAD3C76A-7C15-42AF-AFBE-2C77D08435B9}.Release|Any CPU.Build.0 = Release|Any CPU
		{FDB3D55D-F842-4FEA-A95D-B3F2BF604DB1}.Debug|Any CPU.ActiveCfg = Debug|Any CPU
		{FDB3D55D-F842-4FEA-A95D-B3F2BF604DB1}.Debug|Any CPU.Build.0 = Debug|Any CPU
		{FDB3D55D-F842-4FEA-A95D-B3F2BF604DB1}.Release|Any CPU.ActiveCfg = Release|Any CPU
		{FDB3D55D-F842-4FEA-A95D-B3F2BF604DB1}.Release|Any CPU.Build.0 = Release|Any CPU
		{50A6DB76-8D42-4322-AE19-628157AFB208}.Debug|Any CPU.ActiveCfg = Debug|Any CPU
		{50A6DB76-8D42-4322-AE19-628157AFB208}.Debug|Any CPU.Build.0 = Debug|Any CPU
		{50A6DB76-8D42-4322-AE19-628157AFB208}.Release|Any CPU.ActiveCfg = Release|Any CPU
		{50A6DB76-8D42-4322-AE19-628157AFB208}.Release|Any CPU.Build.0 = Release|Any CPU
		{88D51C5E-C812-4378-A572-A9527C5AD25F}.Debug|Any CPU.ActiveCfg = Debug|Any CPU
		{88D51C5E-C812-4378-A572-A9527C5AD25F}.Debug|Any CPU.Build.0 = Debug|Any CPU
		{88D51C5E-C812-4378-A572-A9527C5AD25F}.Release|Any CPU.ActiveCfg = Release|Any CPU
		{88D51C5E-C812-4378-A572-A9527C5AD25F}.Release|Any CPU.Build.0 = Release|Any CPU
		{A90EB696-F825-4CE2-BD55-98F074720024}.Debug|Any CPU.ActiveCfg = Debug|Any CPU
		{A90EB696-F825-4CE2-BD55-98F074720024}.Debug|Any CPU.Build.0 = Debug|Any CPU
		{A90EB696-F825-4CE2-BD55-98F074720024}.Release|Any CPU.ActiveCfg = Release|Any CPU
		{A90EB696-F825-4CE2-BD55-98F074720024}.Release|Any CPU.Build.0 = Release|Any CPU
		{CAA4FBB0-4986-4903-82B1-9ED26AA4DF9F}.Debug|Any CPU.ActiveCfg = Debug|Any CPU
		{CAA4FBB0-4986-4903-82B1-9ED26AA4DF9F}.Debug|Any CPU.Build.0 = Debug|Any CPU
		{CAA4FBB0-4986-4903-82B1-9ED26AA4DF9F}.Release|Any CPU.ActiveCfg = Release|Any CPU
		{CAA4FBB0-4986-4903-82B1-9ED26AA4DF9F}.Release|Any CPU.Build.0 = Release|Any CPU
		{99E64D4C-4F53-4DAD-8780-271CE04DC400}.Debug|Any CPU.ActiveCfg = Debug|Any CPU
		{99E64D4C-4F53-4DAD-8780-271CE04DC400}.Debug|Any CPU.Build.0 = Debug|Any CPU
		{99E64D4C-4F53-4DAD-8780-271CE04DC400}.Release|Any CPU.ActiveCfg = Release|Any CPU
		{99E64D4C-4F53-4DAD-8780-271CE04DC400}.Release|Any CPU.Build.0 = Release|Any CPU
		{9DF6CA96-B522-4746-A087-491E1F37EE6F}.Debug|Any CPU.ActiveCfg = Debug|Any CPU
		{9DF6CA96-B522-4746-A087-491E1F37EE6F}.Debug|Any CPU.Build.0 = Debug|Any CPU
		{9DF6CA96-B522-4746-A087-491E1F37EE6F}.Release|Any CPU.ActiveCfg = Release|Any CPU
		{9DF6CA96-B522-4746-A087-491E1F37EE6F}.Release|Any CPU.Build.0 = Release|Any CPU
		{AAE8CD1E-9076-4C99-9AB4-4C9A668C6A59}.Debug|Any CPU.ActiveCfg = Debug|Any CPU
		{AAE8CD1E-9076-4C99-9AB4-4C9A668C6A59}.Debug|Any CPU.Build.0 = Debug|Any CPU
		{AAE8CD1E-9076-4C99-9AB4-4C9A668C6A59}.Release|Any CPU.ActiveCfg = Release|Any CPU
		{AAE8CD1E-9076-4C99-9AB4-4C9A668C6A59}.Release|Any CPU.Build.0 = Release|Any CPU
		{AB5BEEEE-FF88-4D62-A8EF-C91F7824FC27}.Debug|Any CPU.ActiveCfg = Debug|Any CPU
		{AB5BEEEE-FF88-4D62-A8EF-C91F7824FC27}.Debug|Any CPU.Build.0 = Debug|Any CPU
		{AB5BEEEE-FF88-4D62-A8EF-C91F7824FC27}.Release|Any CPU.ActiveCfg = Release|Any CPU
		{AB5BEEEE-FF88-4D62-A8EF-C91F7824FC27}.Release|Any CPU.Build.0 = Release|Any CPU
		{7CCB7499-5C66-4158-AB1A-F058C911DADD}.Debug|Any CPU.ActiveCfg = Debug|Any CPU
		{7CCB7499-5C66-4158-AB1A-F058C911DADD}.Debug|Any CPU.Build.0 = Debug|Any CPU
		{7CCB7499-5C66-4158-AB1A-F058C911DADD}.Release|Any CPU.ActiveCfg = Release|Any CPU
		{7CCB7499-5C66-4158-AB1A-F058C911DADD}.Release|Any CPU.Build.0 = Release|Any CPU
		{B6D6FEA6-BD6E-4851-AB3E-543B8598662C}.Debug|Any CPU.ActiveCfg = Debug|Any CPU
		{B6D6FEA6-BD6E-4851-AB3E-543B8598662C}.Debug|Any CPU.Build.0 = Debug|Any CPU
		{B6D6FEA6-BD6E-4851-AB3E-543B8598662C}.Release|Any CPU.ActiveCfg = Release|Any CPU
		{B6D6FEA6-BD6E-4851-AB3E-543B8598662C}.Release|Any CPU.Build.0 = Release|Any CPU
		{0BF6AC78-864B-49EE-BBFD-813AD2C940DC}.Debug|Any CPU.ActiveCfg = Debug|Any CPU
		{0BF6AC78-864B-49EE-BBFD-813AD2C940DC}.Debug|Any CPU.Build.0 = Debug|Any CPU
		{0BF6AC78-864B-49EE-BBFD-813AD2C940DC}.Release|Any CPU.ActiveCfg = Release|Any CPU
		{0BF6AC78-864B-49EE-BBFD-813AD2C940DC}.Release|Any CPU.Build.0 = Release|Any CPU
		{BB12AA50-3EF6-48EA-98AF-6A46CB2D5A69}.Debug|Any CPU.ActiveCfg = Debug|Any CPU
		{BB12AA50-3EF6-48EA-98AF-6A46CB2D5A69}.Debug|Any CPU.Build.0 = Debug|Any CPU
		{BB12AA50-3EF6-48EA-98AF-6A46CB2D5A69}.Release|Any CPU.ActiveCfg = Release|Any CPU
		{BB12AA50-3EF6-48EA-98AF-6A46CB2D5A69}.Release|Any CPU.Build.0 = Release|Any CPU
		{7BFC38CA-F70B-4E47-97A6-AF51C9C49F86}.Debug|Any CPU.ActiveCfg = Debug|Any CPU
		{7BFC38CA-F70B-4E47-97A6-AF51C9C49F86}.Debug|Any CPU.Build.0 = Debug|Any CPU
		{7BFC38CA-F70B-4E47-97A6-AF51C9C49F86}.Release|Any CPU.ActiveCfg = Release|Any CPU
		{7BFC38CA-F70B-4E47-97A6-AF51C9C49F86}.Release|Any CPU.Build.0 = Release|Any CPU
		{4F406B23-A660-4AA7-B1D5-63DED0BCAC42}.Debug|Any CPU.ActiveCfg = Debug|Any CPU
		{4F406B23-A660-4AA7-B1D5-63DED0BCAC42}.Debug|Any CPU.Build.0 = Debug|Any CPU
		{4F406B23-A660-4AA7-B1D5-63DED0BCAC42}.Release|Any CPU.ActiveCfg = Release|Any CPU
		{4F406B23-A660-4AA7-B1D5-63DED0BCAC42}.Release|Any CPU.Build.0 = Release|Any CPU
		{3FC730A3-9178-44FA-8CF2-FE05DCCED5D1}.Debug|Any CPU.ActiveCfg = Debug|Any CPU
		{3FC730A3-9178-44FA-8CF2-FE05DCCED5D1}.Debug|Any CPU.Build.0 = Debug|Any CPU
		{3FC730A3-9178-44FA-8CF2-FE05DCCED5D1}.Release|Any CPU.ActiveCfg = Release|Any CPU
		{3FC730A3-9178-44FA-8CF2-FE05DCCED5D1}.Release|Any CPU.Build.0 = Release|Any CPU
		{EFC5F470-AE46-4CA8-9CD3-2214BE5C97E2}.Debug|Any CPU.ActiveCfg = Debug|Any CPU
		{EFC5F470-AE46-4CA8-9CD3-2214BE5C97E2}.Debug|Any CPU.Build.0 = Debug|Any CPU
		{EFC5F470-AE46-4CA8-9CD3-2214BE5C97E2}.Release|Any CPU.ActiveCfg = Release|Any CPU
		{EFC5F470-AE46-4CA8-9CD3-2214BE5C97E2}.Release|Any CPU.Build.0 = Release|Any CPU
		{275A8CFB-ABB9-4C07-81CD-73F6C753BE64}.Debug|Any CPU.ActiveCfg = Debug|Any CPU
		{275A8CFB-ABB9-4C07-81CD-73F6C753BE64}.Debug|Any CPU.Build.0 = Debug|Any CPU
		{275A8CFB-ABB9-4C07-81CD-73F6C753BE64}.Release|Any CPU.ActiveCfg = Release|Any CPU
		{275A8CFB-ABB9-4C07-81CD-73F6C753BE64}.Release|Any CPU.Build.0 = Release|Any CPU
		{ABD8CDCB-63F2-4AF7-A468-4FC654500E81}.Debug|Any CPU.ActiveCfg = Debug|Any CPU
		{ABD8CDCB-63F2-4AF7-A468-4FC654500E81}.Debug|Any CPU.Build.0 = Debug|Any CPU
		{ABD8CDCB-63F2-4AF7-A468-4FC654500E81}.Release|Any CPU.ActiveCfg = Release|Any CPU
		{ABD8CDCB-63F2-4AF7-A468-4FC654500E81}.Release|Any CPU.Build.0 = Release|Any CPU
		{53140E65-F767-4602-AF4D-3DC020C623D2}.Debug|Any CPU.ActiveCfg = Debug|Any CPU
		{53140E65-F767-4602-AF4D-3DC020C623D2}.Debug|Any CPU.Build.0 = Debug|Any CPU
		{53140E65-F767-4602-AF4D-3DC020C623D2}.Release|Any CPU.ActiveCfg = Release|Any CPU
		{53140E65-F767-4602-AF4D-3DC020C623D2}.Release|Any CPU.Build.0 = Release|Any CPU
		{47FFBD26-B645-4A02-9E86-CF018BD22847}.Debug|Any CPU.ActiveCfg = Debug|Any CPU
		{47FFBD26-B645-4A02-9E86-CF018BD22847}.Debug|Any CPU.Build.0 = Debug|Any CPU
		{47FFBD26-B645-4A02-9E86-CF018BD22847}.Release|Any CPU.ActiveCfg = Release|Any CPU
		{47FFBD26-B645-4A02-9E86-CF018BD22847}.Release|Any CPU.Build.0 = Release|Any CPU
		{EF72DEC4-9B9B-40FE-BDEE-570E19732F35}.Debug|Any CPU.ActiveCfg = Debug|Any CPU
		{EF72DEC4-9B9B-40FE-BDEE-570E19732F35}.Debug|Any CPU.Build.0 = Debug|Any CPU
		{EF72DEC4-9B9B-40FE-BDEE-570E19732F35}.Release|Any CPU.ActiveCfg = Release|Any CPU
		{EF72DEC4-9B9B-40FE-BDEE-570E19732F35}.Release|Any CPU.Build.0 = Release|Any CPU
		{C2490490-2141-4DD8-B61E-C1349E075C5F}.Debug|Any CPU.ActiveCfg = Debug|Any CPU
		{C2490490-2141-4DD8-B61E-C1349E075C5F}.Debug|Any CPU.Build.0 = Debug|Any CPU
		{C2490490-2141-4DD8-B61E-C1349E075C5F}.Release|Any CPU.ActiveCfg = Release|Any CPU
		{C2490490-2141-4DD8-B61E-C1349E075C5F}.Release|Any CPU.Build.0 = Release|Any CPU
		{19C0FEA5-4345-466D-A356-701CB5D6BF6C}.Debug|Any CPU.ActiveCfg = Debug|Any CPU
		{19C0FEA5-4345-466D-A356-701CB5D6BF6C}.Debug|Any CPU.Build.0 = Debug|Any CPU
		{19C0FEA5-4345-466D-A356-701CB5D6BF6C}.Release|Any CPU.ActiveCfg = Release|Any CPU
		{19C0FEA5-4345-466D-A356-701CB5D6BF6C}.Release|Any CPU.Build.0 = Release|Any CPU
		{FC762037-2354-477F-9809-DBF0418AA2BA}.Debug|Any CPU.ActiveCfg = Debug|Any CPU
		{FC762037-2354-477F-9809-DBF0418AA2BA}.Debug|Any CPU.Build.0 = Debug|Any CPU
		{FC762037-2354-477F-9809-DBF0418AA2BA}.Release|Any CPU.ActiveCfg = Release|Any CPU
		{FC762037-2354-477F-9809-DBF0418AA2BA}.Release|Any CPU.Build.0 = Release|Any CPU
		{3CA48982-922C-41BD-BD99-92874C02125B}.Debug|Any CPU.ActiveCfg = Debug|Any CPU
		{3CA48982-922C-41BD-BD99-92874C02125B}.Debug|Any CPU.Build.0 = Debug|Any CPU
		{3CA48982-922C-41BD-BD99-92874C02125B}.Release|Any CPU.ActiveCfg = Release|Any CPU
		{3CA48982-922C-41BD-BD99-92874C02125B}.Release|Any CPU.Build.0 = Release|Any CPU
		{E4F4E2AF-2BFD-4F58-A23D-688463FF119D}.Debug|Any CPU.ActiveCfg = Debug|Any CPU
		{E4F4E2AF-2BFD-4F58-A23D-688463FF119D}.Debug|Any CPU.Build.0 = Debug|Any CPU
		{E4F4E2AF-2BFD-4F58-A23D-688463FF119D}.Release|Any CPU.ActiveCfg = Release|Any CPU
		{E4F4E2AF-2BFD-4F58-A23D-688463FF119D}.Release|Any CPU.Build.0 = Release|Any CPU
		{5B308FD2-A48A-4490-AF7F-7AD898369986}.Debug|Any CPU.ActiveCfg = Debug|Any CPU
		{5B308FD2-A48A-4490-AF7F-7AD898369986}.Debug|Any CPU.Build.0 = Debug|Any CPU
		{5B308FD2-A48A-4490-AF7F-7AD898369986}.Release|Any CPU.ActiveCfg = Release|Any CPU
		{5B308FD2-A48A-4490-AF7F-7AD898369986}.Release|Any CPU.Build.0 = Release|Any CPU
		{7DA890CE-2E67-4B28-9706-1DADDC207E44}.Debug|Any CPU.ActiveCfg = Debug|Any CPU
		{7DA890CE-2E67-4B28-9706-1DADDC207E44}.Debug|Any CPU.Build.0 = Debug|Any CPU
		{7DA890CE-2E67-4B28-9706-1DADDC207E44}.Release|Any CPU.ActiveCfg = Release|Any CPU
		{7DA890CE-2E67-4B28-9706-1DADDC207E44}.Release|Any CPU.Build.0 = Release|Any CPU
		{0AF4C674-EF9A-454F-9334-D81B423C15AB}.Debug|Any CPU.ActiveCfg = Debug|Any CPU
		{0AF4C674-EF9A-454F-9334-D81B423C15AB}.Debug|Any CPU.Build.0 = Debug|Any CPU
		{0AF4C674-EF9A-454F-9334-D81B423C15AB}.Release|Any CPU.ActiveCfg = Release|Any CPU
		{0AF4C674-EF9A-454F-9334-D81B423C15AB}.Release|Any CPU.Build.0 = Release|Any CPU
		{E87216DC-0346-48EE-8636-CD622FDDED59}.Debug|Any CPU.ActiveCfg = Debug|Any CPU
		{E87216DC-0346-48EE-8636-CD622FDDED59}.Debug|Any CPU.Build.0 = Debug|Any CPU
		{E87216DC-0346-48EE-8636-CD622FDDED59}.Release|Any CPU.ActiveCfg = Release|Any CPU
		{E87216DC-0346-48EE-8636-CD622FDDED59}.Release|Any CPU.Build.0 = Release|Any CPU
		{9D42D5C6-92EC-402E-8D93-763E1F0B9945}.Debug|Any CPU.ActiveCfg = Debug|Any CPU
		{9D42D5C6-92EC-402E-8D93-763E1F0B9945}.Debug|Any CPU.Build.0 = Debug|Any CPU
		{9D42D5C6-92EC-402E-8D93-763E1F0B9945}.Release|Any CPU.ActiveCfg = Release|Any CPU
		{9D42D5C6-92EC-402E-8D93-763E1F0B9945}.Release|Any CPU.Build.0 = Release|Any CPU
	EndGlobalSection
	GlobalSection(SolutionProperties) = preSolution
		HideSolutionNode = FALSE
	EndGlobalSection
	GlobalSection(ExtensibilityGlobals) = postSolution
		SolutionGuid = {66BBF9A2-6F17-4036-B3F9-FC57D1115BC7}
	EndGlobalSection
EndGlobal
